{
  "name": "Lockfile generated with Virtru pnpm-lock-to-npm-lock tool",
  "version": "1.0.0",
  "lockfileVersion": 2,
  "requires": true,
  "packages": {
    "node_modules/@types/node@20.10.6": {
      "version": "20.10.6",
      "resolved": "https://registry.npmjs.org/@types/node/-/node-20.10.6.tgz",
      "integrity": "sha512-Vac8H+NlRNNlAmDfGUP7b5h/KA+AtWIzuXy0E6OyP8f1tCLYAtPvKRRDJjAPqhpCb0t6U2j7/xqAuLEebW2kiw==",
      "dev": true,
      "requires": {
        "@types/node": "20.10.6"
      },
      "dependencies": {
        "@types/node": {
          "version": "20.10.6",
          "resolved": "https://registry.npmjs.org/@types/node/-/node-20.10.6.tgz",
          "integrity": "sha512-Vac8H+NlRNNlAmDfGUP7b5h/KA+AtWIzuXy0E6OyP8f1tCLYAtPvKRRDJjAPqhpCb0t6U2j7/xqAuLEebW2kiw==",
          "dev": true
        }
      }
    },
    "node_modules/undici-types@5.26.5": {
      "version": "5.26.5",
      "resolved": "https://registry.npmjs.org/undici-types/-/undici-types-5.26.5.tgz",
      "integrity": "sha512-JlCMO+ehdEIKqlFxk6IfVoAUVmgz7cU7zD/h9XZ0qzeosSHmUJVOzSQvvYSYWXkFXC+IfLKSIffhv0sVZup6pA==",
      "dev": true,
      "requires": {
        "undici-types": "5.26.5"
      },
      "dependencies": {
        "undici-types": {
          "version": "5.26.5",
          "resolved": "https://registry.npmjs.org/undici-types/-/undici-types-5.26.5.tgz",
          "integrity": "sha512-JlCMO+ehdEIKqlFxk6IfVoAUVmgz7cU7zD/h9XZ0qzeosSHmUJVOzSQvvYSYWXkFXC+IfLKSIffhv0sVZup6pA==",
          "dev": true
        }
      }
    },
    "node_modules/yaml@2.2.2": {
      "version": "2.2.2",
      "resolved": "https://registry.npmjs.org/yaml/-/yaml-2.2.2.tgz",
      "integrity": "sha512-CBKFWExMn46Foo4cldiChEzn7S7SRV+wqiluAb6xmueD/fGyRHIhX8m14vVGgeFWjN540nKCNVj6P21eQjgTuA==",
      "dev": false,
      "requires": {
        "yaml": "2.2.2"
      },
      "dependencies": {
        "yaml": {
          "version": "2.2.2",
          "resolved": "https://registry.npmjs.org/yaml/-/yaml-2.2.2.tgz",
          "integrity": "sha512-CBKFWExMn46Foo4cldiChEzn7S7SRV+wqiluAb6xmueD/fGyRHIhX8m14vVGgeFWjN540nKCNVj6P21eQjgTuA==",
          "dev": false
        }
      }
    }
  },
  "dependencies": {
    "@types/node": {
      "version": "20.10.6",
      "resolved": "https://registry.npmjs.org/@types/node/-/node-20.10.6.tgz",
      "integrity": "sha512-Vac8H+NlRNNlAmDfGUP7b5h/KA+AtWIzuXy0E6OyP8f1tCLYAtPvKRRDJjAPqhpCb0t6U2j7/xqAuLEebW2kiw==",
      "dev": true,
      "requires": {
        "@types/node": "20.10.6"
      },
      "dependencies": {
        "@types/node": {
          "version": "20.10.6",
          "resolved": "https://registry.npmjs.org/@types/node/-/node-20.10.6.tgz",
          "integrity": "sha512-Vac8H+NlRNNlAmDfGUP7b5h/KA+AtWIzuXy0E6OyP8f1tCLYAtPvKRRDJjAPqhpCb0t6U2j7/xqAuLEebW2kiw==",
          "dev": true
        }
      }
    },
    "undici-types": {
      "version": "5.26.5",
      "resolved": "https://registry.npmjs.org/undici-types/-/undici-types-5.26.5.tgz",
      "integrity": "sha512-JlCMO+ehdEIKqlFxk6IfVoAUVmgz7cU7zD/h9XZ0qzeosSHmUJVOzSQvvYSYWXkFXC+IfLKSIffhv0sVZup6pA==",
      "dev": true,
      "requires": {
        "undici-types": "5.26.5"
      },
      "dependencies": {
        "undici-types": {
          "version": "5.26.5",
          "resolved": "https://registry.npmjs.org/undici-types/-/undici-types-5.26.5.tgz",
          "integrity": "sha512-JlCMO+ehdEIKqlFxk6IfVoAUVmgz7cU7zD/h9XZ0qzeosSHmUJVOzSQvvYSYWXkFXC+IfLKSIffhv0sVZup6pA==",
          "dev": true
        }
      }
    },
    "yaml": {
      "version": "2.2.2",
      "resolved": "https://registry.npmjs.org/yaml/-/yaml-2.2.2.tgz",
      "integrity": "sha512-CBKFWExMn46Foo4cldiChEzn7S7SRV+wqiluAb6xmueD/fGyRHIhX8m14vVGgeFWjN540nKCNVj6P21eQjgTuA==",
      "dev": false,
      "requires": {
        "yaml": "2.2.2"
      },
      "dependencies": {
        "yaml": {
          "version": "2.2.2",
          "resolved": "https://registry.npmjs.org/yaml/-/yaml-2.2.2.tgz",
          "integrity": "sha512-CBKFWExMn46Foo4cldiChEzn7S7SRV+wqiluAb6xmueD/fGyRHIhX8m14vVGgeFWjN540nKCNVj6P21eQjgTuA==",
          "dev": false
        }
      }
    }
  }
}